# THIS IS AN AUTOGENERATED FILE. DO NOT EDIT THIS FILE DIRECTLY.
# yarn lockfile v1


jquery@>=1.5:
  version "3.3.1"
  resolved "https://registry.yarnpkg.com/jquery/-/jquery-3.3.1.tgz#958ce29e81c9790f31be7792df5d4d95fc57fbca"

watermark@^1.0.1:
  version "1.0.1"
  resolved "https://registry.yarnpkg.com/watermark/-/watermark-1.0.1.tgz#89c566728e8dd23c2af3531823aa553dad5419ef"
  dependencies:
    jquery ">=1.5"
